// !$*UTF8*$!
{
	archiveVersion = 1;
	classes = {
	};
	objectVersion = 46;
	objects = {

/* Begin PBXBuildFile section */
		CD1A72AA1FC62EE3004B1095 /* main.m in Sources */ = {isa = PBXBuildFile; fileRef = CD1A72A91FC62EE3004B1095 /* main.m */; };
		CD1A72B51FC62EE3004B1095 /* Assets.xcassets in Resources */ = {isa = PBXBuildFile; fileRef = CD1A72B41FC62EE3004B1095 /* Assets.xcassets */; };
		CD1A72B81FC62EE3004B1095 /* LaunchScreen.storyboard in Resources */ = {isa = PBXBuildFile; fileRef = CD1A72B61FC62EE3004B1095 /* LaunchScreen.storyboard */; };
		CD1A72C31FC62EE3004B1095 /* final_projectTests.m in Sources */ = {isa = PBXBuildFile; fileRef = CD1A72C21FC62EE3004B1095 /* final_projectTests.m */; };
		CD1A72CE1FC62EE3004B1095 /* final_projectUITests.m in Sources */ = {isa = PBXBuildFile; fileRef = CD1A72CD1FC62EE3004B1095 /* final_projectUITests.m */; };
		CD222F9C1FD71D2E00832E02 /* SearchViewController.m in Sources */ = {isa = PBXBuildFile; fileRef = CD222F9B1FD71D2E00832E02 /* SearchViewController.m */; };
		CD222FDE1FD734CE00832E02 /* appDelegate.m in Sources */ = {isa = PBXBuildFile; fileRef = CD222FDD1FD734CE00832E02 /* appDelegate.m */; };
		CD222FDF1FD73C2100832E02 /* Storyboard.storyboard in Resources */ = {isa = PBXBuildFile; fileRef = CDD2A6FF1FD715990043625E /* Storyboard.storyboard */; };
		CDCAB18B1FD97546001B91CC /* Module.m in Sources */ = {isa = PBXBuildFile; fileRef = CDCAB18A1FD97546001B91CC /* Module.m */; };
		CDCAB18E1FD976EC001B91CC /* DataModel.m in Sources */ = {isa = PBXBuildFile; fileRef = CDCAB18D1FD976EC001B91CC /* DataModel.m */; };
		CDCAB1911FD97E11001B91CC /* TableViewController.m in Sources */ = {isa = PBXBuildFile; fileRef = CDCAB1901FD97E11001B91CC /* TableViewController.m */; };
		CDCAB1941FD98D1F001B91CC /* DetailsViewController.m in Sources */ = {isa = PBXBuildFile; fileRef = CDCAB1931FD98D1F001B91CC /* DetailsViewController.m */; };
		CDF2613C1FD9ED04005A6FD2 /* login.png in Resources */ = {isa = PBXBuildFile; fileRef = CDF2613B1FD9ED04005A6FD2 /* login.png */; };
		CDF2613F1FD9F09F005A6FD2 /* LoginViewController.m in Sources */ = {isa = PBXBuildFile; fileRef = CDF2613E1FD9F09F005A6FD2 /* LoginViewController.m */; };
		CDF261421FD9F0DD005A6FD2 /* RegisterViewController.m in Sources */ = {isa = PBXBuildFile; fileRef = CDF261411FD9F0DD005A6FD2 /* RegisterViewController.m */; };
		CDF37AFF1FDA1B8F00ED1C46 /* TableViewController2.m in Sources */ = {isa = PBXBuildFile; fileRef = CDF37AFE1FDA1B8F00ED1C46 /* TableViewController2.m */; };
		CDF37B051FDA1C6900ED1C46 /* AddViewController.m in Sources */ = {isa = PBXBuildFile; fileRef = CDF37B041FDA1C6900ED1C46 /* AddViewController.m */; };
/* End PBXBuildFile section */

/* Begin PBXContainerItemProxy section */
		CD1A72BF1FC62EE3004B1095 /* PBXContainerItemProxy */ = {
			isa = PBXContainerItemProxy;
			containerPortal = CD1A729D1FC62EE3004B1095 /* Project object */;
			proxyType = 1;
			remoteGlobalIDString = CD1A72A41FC62EE3004B1095;
			remoteInfo = "final project";
		};
		CD1A72CA1FC62EE3004B1095 /* PBXContainerItemProxy */ = {
			isa = PBXContainerItemProxy;
			containerPortal = CD1A729D1FC62EE3004B1095 /* Project object */;
			proxyType = 1;
			remoteGlobalIDString = CD1A72A41FC62EE3004B1095;
			remoteInfo = "final project";
		};
/* End PBXContainerItemProxy section */

/* Begin PBXFileReference section */
		CD1A72A51FC62EE3004B1095 /* final project.app */ = {isa = PBXFileReference; explicitFileType = wrapper.application; includeInIndex = 0; path = "final project.app"; sourceTree = BUILT_PRODUCTS_DIR; };
		CD1A72A91FC62EE3004B1095 /* main.m */ = {isa = PBXFileReference; lastKnownFileType = sourcecode.c.objc; path = main.m; sourceTree = "<group>"; };
		CD1A72B41FC62EE3004B1095 /* Assets.xcassets */ = {isa = PBXFileReference; lastKnownFileType = folder.assetcatalog; path = Assets.xcassets; sourceTree = "<group>"; };
		CD1A72B71FC62EE3004B1095 /* Base */ = {isa = PBXFileReference; lastKnownFileType = file.storyboard; name = Base; path = Base.lproj/LaunchScreen.storyboard; sourceTree = "<group>"; };
		CD1A72B91FC62EE3004B1095 /* Info.plist */ = {isa = PBXFileReference; lastKnownFileType = text.plist.xml; path = Info.plist; sourceTree = "<group>"; };
		CD1A72BE1FC62EE3004B1095 /* final projectTests.xctest */ = {isa = PBXFileReference; explicitFileType = wrapper.cfbundle; includeInIndex = 0; path = "final projectTests.xctest"; sourceTree = BUILT_PRODUCTS_DIR; };
		CD1A72C21FC62EE3004B1095 /* final_projectTests.m */ = {isa = PBXFileReference; lastKnownFileType = sourcecode.c.objc; path = final_projectTests.m; sourceTree = "<group>"; };
		CD1A72C41FC62EE3004B1095 /* Info.plist */ = {isa = PBXFileReference; lastKnownFileType = text.plist.xml; path = Info.plist; sourceTree = "<group>"; };
		CD1A72C91FC62EE3004B1095 /* final projectUITests.xctest */ = {isa = PBXFileReference; explicitFileType = wrapper.cfbundle; includeInIndex = 0; path = "final projectUITests.xctest"; sourceTree = BUILT_PRODUCTS_DIR; };
		CD1A72CD1FC62EE3004B1095 /* final_projectUITests.m */ = {isa = PBXFileReference; lastKnownFileType = sourcecode.c.objc; path = final_projectUITests.m; sourceTree = "<group>"; };
		CD1A72CF1FC62EE3004B1095 /* Info.plist */ = {isa = PBXFileReference; lastKnownFileType = text.plist.xml; path = Info.plist; sourceTree = "<group>"; };
		CD222F9A1FD71D2E00832E02 /* SearchViewController.h */ = {isa = PBXFileReference; fileEncoding = 4; lastKnownFileType = sourcecode.c.h; path = SearchViewController.h; sourceTree = "<group>"; };
		CD222F9B1FD71D2E00832E02 /* SearchViewController.m */ = {isa = PBXFileReference; fileEncoding = 4; lastKnownFileType = sourcecode.c.objc; path = SearchViewController.m; sourceTree = "<group>"; };
		CD222FDC1FD734CE00832E02 /* appDelegate.h */ = {isa = PBXFileReference; fileEncoding = 4; lastKnownFileType = sourcecode.c.h; path = appDelegate.h; sourceTree = "<group>"; };
		CD222FDD1FD734CE00832E02 /* appDelegate.m */ = {isa = PBXFileReference; fileEncoding = 4; lastKnownFileType = sourcecode.c.objc; path = appDelegate.m; sourceTree = "<group>"; };
		CDCAB1891FD97546001B91CC /* Module.h */ = {isa = PBXFileReference; fileEncoding = 4; lastKnownFileType = sourcecode.c.h; path = Module.h; sourceTree = "<group>"; };
		CDCAB18A1FD97546001B91CC /* Module.m */ = {isa = PBXFileReference; fileEncoding = 4; lastKnownFileType = sourcecode.c.objc; path = Module.m; sourceTree = "<group>"; };
		CDCAB18C1FD976EC001B91CC /* DataModel.h */ = {isa = PBXFileReference; fileEncoding = 4; lastKnownFileType = sourcecode.c.h; path = DataModel.h; sourceTree = "<group>"; };
		CDCAB18D1FD976EC001B91CC /* DataModel.m */ = {isa = PBXFileReference; fileEncoding = 4; lastKnownFileType = sourcecode.c.objc; path = DataModel.m; sourceTree = "<group>"; };
		CDCAB18F1FD97E11001B91CC /* TableViewController.h */ = {isa = PBXFileReference; fileEncoding = 4; lastKnownFileType = sourcecode.c.h; path = TableViewController.h; sourceTree = "<group>"; };
		CDCAB1901FD97E11001B91CC /* TableViewController.m */ = {isa = PBXFileReference; fileEncoding = 4; lastKnownFileType = sourcecode.c.objc; path = TableViewController.m; sourceTree = "<group>"; };
		CDCAB1921FD98D1F001B91CC /* DetailsViewController.h */ = {isa = PBXFileReference; fileEncoding = 4; lastKnownFileType = sourcecode.c.h; path = DetailsViewController.h; sourceTree = "<group>"; };
		CDCAB1931FD98D1F001B91CC /* DetailsViewController.m */ = {isa = PBXFileReference; fileEncoding = 4; lastKnownFileType = sourcecode.c.objc; path = DetailsViewController.m; sourceTree = "<group>"; };
		CDD2A6FF1FD715990043625E /* Storyboard.storyboard */ = {isa = PBXFileReference; fileEncoding = 4; lastKnownFileType = file.storyboard; path = Storyboard.storyboard; sourceTree = "<group>"; };
		CDF2613B1FD9ED04005A6FD2 /* login.png */ = {isa = PBXFileReference; lastKnownFileType = image.png; name = login.png; path = ../../../Downloads/login.png; sourceTree = "<group>"; };
		CDF2613D1FD9F09F005A6FD2 /* LoginViewController.h */ = {isa = PBXFileReference; fileEncoding = 4; lastKnownFileType = sourcecode.c.h; path = LoginViewController.h; sourceTree = "<group>"; };
		CDF2613E1FD9F09F005A6FD2 /* LoginViewController.m */ = {isa = PBXFileReference; fileEncoding = 4; lastKnownFileType = sourcecode.c.objc; path = LoginViewController.m; sourceTree = "<group>"; };
		CDF261401FD9F0DD005A6FD2 /* RegisterViewController.h */ = {isa = PBXFileReference; fileEncoding = 4; lastKnownFileType = sourcecode.c.h; path = RegisterViewController.h; sourceTree = "<group>"; };
		CDF261411FD9F0DD005A6FD2 /* RegisterViewController.m */ = {isa = PBXFileReference; fileEncoding = 4; lastKnownFileType = sourcecode.c.objc; path = RegisterViewController.m; sourceTree = "<group>"; };
		CDF37AFD1FDA1B8F00ED1C46 /* TableViewController2.h */ = {isa = PBXFileReference; fileEncoding = 4; lastKnownFileType = sourcecode.c.h; path = TableViewController2.h; sourceTree = "<group>"; };
		CDF37AFE1FDA1B8F00ED1C46 /* TableViewController2.m */ = {isa = PBXFileReference; fileEncoding = 4; lastKnownFileType = sourcecode.c.objc; path = TableViewController2.m; sourceTree = "<group>"; };
		CDF37B031FDA1C6900ED1C46 /* AddViewController.h */ = {isa = PBXFileReference; fileEncoding = 4; lastKnownFileType = sourcecode.c.h; path = AddViewController.h; sourceTree = "<group>"; };
		CDF37B041FDA1C6900ED1C46 /* AddViewController.m */ = {isa = PBXFileReference; fileEncoding = 4; lastKnownFileType = sourcecode.c.objc; path = AddViewController.m; sourceTree = "<group>"; };
/* End PBXFileReference section */

/* Begin PBXFrameworksBuildPhase section */
		CD1A72A21FC62EE3004B1095 /* Frameworks */ = {
			isa = PBXFrameworksBuildPhase;
			buildActionMask = 2147483647;
			files = (
			);
			runOnlyForDeploymentPostprocessing = 0;
		};
		CD1A72BB1FC62EE3004B1095 /* Frameworks */ = {
			isa = PBXFrameworksBuildPhase;
			buildActionMask = 2147483647;
			files = (
			);
			runOnlyForDeploymentPostprocessing = 0;
		};
		CD1A72C61FC62EE3004B1095 /* Frameworks */ = {
			isa = PBXFrameworksBuildPhase;
			buildActionMask = 2147483647;
			files = (
			);
			runOnlyForDeploymentPostprocessing = 0;
		};
/* End PBXFrameworksBuildPhase section */

/* Begin PBXGroup section */
		CD1A729C1FC62EE3004B1095 = {
			isa = PBXGroup;
			children = (
				CDD2A6FF1FD715990043625E /* Storyboard.storyboard */,
				CDF37B031FDA1C6900ED1C46 /* AddViewController.h */,
				CDF37B041FDA1C6900ED1C46 /* AddViewController.m */,
				CDF37AFD1FDA1B8F00ED1C46 /* TableViewController2.h */,
				CDF37AFE1FDA1B8F00ED1C46 /* TableViewController2.m */,
				CDF2613D1FD9F09F005A6FD2 /* LoginViewController.h */,
				CDF2613E1FD9F09F005A6FD2 /* LoginViewController.m */,
				CDF261401FD9F0DD005A6FD2 /* RegisterViewController.h */,
				CDF261411FD9F0DD005A6FD2 /* RegisterViewController.m */,
				CDCAB1921FD98D1F001B91CC /* DetailsViewController.h */,
				CDCAB1931FD98D1F001B91CC /* DetailsViewController.m */,
				CDCAB18F1FD97E11001B91CC /* TableViewController.h */,
				CDCAB1901FD97E11001B91CC /* TableViewController.m */,
				CDCAB1891FD97546001B91CC /* Module.h */,
				CDCAB18C1FD976EC001B91CC /* DataModel.h */,
				CDCAB18D1FD976EC001B91CC /* DataModel.m */,
				CDCAB18A1FD97546001B91CC /* Module.m */,
				CD222FDC1FD734CE00832E02 /* appDelegate.h */,
				CD222FDD1FD734CE00832E02 /* appDelegate.m */,
				CD222F9A1FD71D2E00832E02 /* SearchViewController.h */,
				CD222F9B1FD71D2E00832E02 /* SearchViewController.m */,
				CD1A72A71FC62EE3004B1095 /* final project */,
				CD1A72C11FC62EE3004B1095 /* final projectTests */,
				CD1A72CC1FC62EE3004B1095 /* final projectUITests */,
				CD1A72A61FC62EE3004B1095 /* Products */,
			);
			sourceTree = "<group>";
		};
		CD1A72A61FC62EE3004B1095 /* Products */ = {
			isa = PBXGroup;
			children = (
				CD1A72A51FC62EE3004B1095 /* final project.app */,
				CD1A72BE1FC62EE3004B1095 /* final projectTests.xctest */,
				CD1A72C91FC62EE3004B1095 /* final projectUITests.xctest */,
			);
			name = Products;
			sourceTree = "<group>";
		};
		CD1A72A71FC62EE3004B1095 /* final project */ = {
			isa = PBXGroup;
			children = (
				CDF2613B1FD9ED04005A6FD2 /* login.png */,
				CD1A72B41FC62EE3004B1095 /* Assets.xcassets */,
				CD1A72B61FC62EE3004B1095 /* LaunchScreen.storyboard */,
				CD1A72B91FC62EE3004B1095 /* Info.plist */,
				CD1A72A81FC62EE3004B1095 /* Supporting Files */,
			);
			path = "final project";
			sourceTree = "<group>";
		};
		CD1A72A81FC62EE3004B1095 /* Supporting Files */ = {
			isa = PBXGroup;
			children = (
				CD1A72A91FC62EE3004B1095 /* main.m */,
			);
			name = "Supporting Files";
			sourceTree = "<group>";
		};
		CD1A72C11FC62EE3004B1095 /* final projectTests */ = {
			isa = PBXGroup;
			children = (
				CD1A72C21FC62EE3004B1095 /* final_projectTests.m */,
				CD1A72C41FC62EE3004B1095 /* Info.plist */,
			);
			path = "final projectTests";
			sourceTree = "<group>";
		};
		CD1A72CC1FC62EE3004B1095 /* final projectUITests */ = {
			isa = PBXGroup;
			children = (
				CD1A72CD1FC62EE3004B1095 /* final_projectUITests.m */,
				CD1A72CF1FC62EE3004B1095 /* Info.plist */,
			);
			path = "final projectUITests";
			sourceTree = "<group>";
		};
/* End PBXGroup section */

/* Begin PBXNativeTarget section */
		CD1A72A41FC62EE3004B1095 /* final project */ = {
			isa = PBXNativeTarget;
			buildConfigurationList = CD1A72D21FC62EE3004B1095 /* Build configuration list for PBXNativeTarget "final project" */;
			buildPhases = (
				CD1A72A11FC62EE3004B1095 /* Sources */,
				CD1A72A21FC62EE3004B1095 /* Frameworks */,
				CD1A72A31FC62EE3004B1095 /* Resources */,
			);
			buildRules = (
			);
			dependencies = (
			);
			name = "final project";
			productName = "final project";
			productReference = CD1A72A51FC62EE3004B1095 /* final project.app */;
			productType = "com.apple.product-type.application";
		};
		CD1A72BD1FC62EE3004B1095 /* final projectTests */ = {
			isa = PBXNativeTarget;
			buildConfigurationList = CD1A72D51FC62EE3004B1095 /* Build configuration list for PBXNativeTarget "final projectTests" */;
			buildPhases = (
				CD1A72BA1FC62EE3004B1095 /* Sources */,
				CD1A72BB1FC62EE3004B1095 /* Frameworks */,
				CD1A72BC1FC62EE3004B1095 /* Resources */,
			);
			buildRules = (
			);
			dependencies = (
				CD1A72C01FC62EE3004B1095 /* PBXTargetDependency */,
			);
			name = "final projectTests";
			productName = "final projectTests";
			productReference = CD1A72BE1FC62EE3004B1095 /* final projectTests.xctest */;
			productType = "com.apple.product-type.bundle.unit-test";
		};
		CD1A72C81FC62EE3004B1095 /* final projectUITests */ = {
			isa = PBXNativeTarget;
			buildConfigurationList = CD1A72D81FC62EE3004B1095 /* Build configuration list for PBXNativeTarget "final projectUITests" */;
			buildPhases = (
				CD1A72C51FC62EE3004B1095 /* Sources */,
				CD1A72C61FC62EE3004B1095 /* Frameworks */,
				CD1A72C71FC62EE3004B1095 /* Resources */,
			);
			buildRules = (
			);
			dependencies = (
				CD1A72CB1FC62EE3004B1095 /* PBXTargetDependency */,
			);
			name = "final projectUITests";
			productName = "final projectUITests";
			productReference = CD1A72C91FC62EE3004B1095 /* final projectUITests.xctest */;
			productType = "com.apple.product-type.bundle.ui-testing";
		};
/* End PBXNativeTarget section */

/* Begin PBXProject section */
		CD1A729D1FC62EE3004B1095 /* Project object */ = {
			isa = PBXProject;
			attributes = {
				LastUpgradeCheck = 0820;
				ORGANIZATIONNAME = Rataj;
				TargetAttributes = {
					CD1A72A41FC62EE3004B1095 = {
						CreatedOnToolsVersion = 8.2.1;
						ProvisioningStyle = Automatic;
					};
					CD1A72BD1FC62EE3004B1095 = {
						CreatedOnToolsVersion = 8.2.1;
						ProvisioningStyle = Automatic;
						TestTargetID = CD1A72A41FC62EE3004B1095;
					};
					CD1A72C81FC62EE3004B1095 = {
						CreatedOnToolsVersion = 8.2.1;
						ProvisioningStyle = Automatic;
						TestTargetID = CD1A72A41FC62EE3004B1095;
					};
				};
			};
			buildConfigurationList = CD1A72A01FC62EE3004B1095 /* Build configuration list for PBXProject "final project" */;
			compatibilityVersion = "Xcode 3.2";
			developmentRegion = English;
			hasScannedForEncodings = 0;
			knownRegions = (
				en,
				Base,
			);
			mainGroup = CD1A729C1FC62EE3004B1095;
			productRefGroup = CD1A72A61FC62EE3004B1095 /* Products */;
			projectDirPath = "";
			projectRoot = "";
			targets = (
				CD1A72A41FC62EE3004B1095 /* final project */,
				CD1A72BD1FC62EE3004B1095 /* final projectTests */,
				CD1A72C81FC62EE3004B1095 /* final projectUITests */,
			);
		};
/* End PBXProject section */

/* Begin PBXResourcesBuildPhase section */
		CD1A72A31FC62EE3004B1095 /* Resources */ = {
			isa = PBXResourcesBuildPhase;
			buildActionMask = 2147483647;
			files = (
				CD1A72B81FC62EE3004B1095 /* LaunchScreen.storyboard in Resources */,
				CDF2613C1FD9ED04005A6FD2 /* login.png in Resources */,
				CD1A72B51FC62EE3004B1095 /* Assets.xcassets in Resources */,
				CD222FDF1FD73C2100832E02 /* Storyboard.storyboard in Resources */,
			);
			runOnlyForDeploymentPostprocessing = 0;
		};
		CD1A72BC1FC62EE3004B1095 /* Resources */ = {
			isa = PBXResourcesBuildPhase;
			buildActionMask = 2147483647;
			files = (
			);
			runOnlyForDeploymentPostprocessing = 0;
		};
		CD1A72C71FC62EE3004B1095 /* Resources */ = {
			isa = PBXResourcesBuildPhase;
			buildActionMask = 2147483647;
			files = (
			);
			runOnlyForDeploymentPostprocessing = 0;
		};
/* End PBXResourcesBuildPhase section */

/* Begin PBXSourcesBuildPhase section */
		CD1A72A11FC62EE3004B1095 /* Sources */ = {
			isa = PBXSourcesBuildPhase;
			buildActionMask = 2147483647;
			files = (
				CDF2613F1FD9F09F005A6FD2 /* LoginViewController.m in Sources */,
				CD222F9C1FD71D2E00832E02 /* SearchViewController.m in Sources */,
				CDF37B051FDA1C6900ED1C46 /* AddViewController.m in Sources */,
				CDCAB1911FD97E11001B91CC /* TableViewController.m in Sources */,
				CDCAB18E1FD976EC001B91CC /* DataModel.m in Sources */,
				CDF261421FD9F0DD005A6FD2 /* RegisterViewController.m in Sources */,
				CDCAB18B1FD97546001B91CC /* Module.m in Sources */,
				CDCAB1941FD98D1F001B91CC /* DetailsViewController.m in Sources */,
				CD1A72AA1FC62EE3004B1095 /* main.m in Sources */,
				CDF37AFF1FDA1B8F00ED1C46 /* TableViewController2.m in Sources */,
				CD222FDE1FD734CE00832E02 /* appDelegate.m in Sources */,
			);
			runOnlyForDeploymentPostprocessing = 0;
		};
		CD1A72BA1FC62EE3004B1095 /* Sources */ = {
			isa = PBXSourcesBuildPhase;
			buildActionMask = 2147483647;
			files = (
				CD1A72C31FC62EE3004B1095 /* final_projectTests.m in Sources */,
			);
			runOnlyForDeploymentPostprocessing = 0;
		};
		CD1A72C51FC62EE3004B1095 /* Sources */ = {
			isa = PBXSourcesBuildPhase;
			buildActionMask = 2147483647;
			files = (
				CD1A72CE1FC62EE3004B1095 /* final_projectUITests.m in Sources */,
			);
			runOnlyForDeploymentPostprocessing = 0;
		};
/* End PBXSourcesBuildPhase section */

/* Begin PBXTargetDependency section */
		CD1A72C01FC62EE3004B1095 /* PBXTargetDependency */ = {
			isa = PBXTargetDependency;
			target = CD1A72A41FC62EE3004B1095 /* final project */;
			targetProxy = CD1A72BF1FC62EE3004B1095 /* PBXContainerItemProxy */;
		};
		CD1A72CB1FC62EE3004B1095 /* PBXTargetDependency */ = {
			isa = PBXTargetDependency;
			target = CD1A72A41FC62EE3004B1095 /* final project */;
			targetProxy = CD1A72CA1FC62EE3004B1095 /* PBXContainerItemProxy */;
		};
/* End PBXTargetDependency section */

/* Begin PBXVariantGroup section */
		CD1A72B61FC62EE3004B1095 /* LaunchScreen.storyboard */ = {
			isa = PBXVariantGroup;
			children = (
				CD1A72B71FC62EE3004B1095 /* Base */,
			);
			name = LaunchScreen.storyboard;
			sourceTree = "<group>";
		};
/* End PBXVariantGroup section */

/* Begin XCBuildConfiguration section */
		CD1A72D01FC62EE3004B1095 /* Debug */ = {
			isa = XCBuildConfiguration;
			buildSettings = {
				ALWAYS_SEARCH_USER_PATHS = NO;
				CLANG_ANALYZER_NONNULL = YES;
				CLANG_CXX_LANGUAGE_STANDARD = "gnu++0x";
				CLANG_CXX_LIBRARY = "libc++";
				CLANG_ENABLE_MODULES = YES;
				CLANG_ENABLE_OBJC_ARC = YES;
				CLANG_WARN_BOOL_CONVERSION = YES;
				CLANG_WARN_CONSTANT_CONVERSION = YES;
				CLANG_WARN_DIRECT_OBJC_ISA_USAGE = YES_ERROR;
				CLANG_WARN_DOCUMENTATION_COMMENTS = YES;
				CLANG_WARN_EMPTY_BODY = YES;
				CLANG_WARN_ENUM_CONVERSION = YES;
				CLANG_WARN_INFINITE_RECURSION = YES;
				CLANG_WARN_INT_CONVERSION = YES;
				CLANG_WARN_OBJC_ROOT_CLASS = YES_ERROR;
				CLANG_WARN_SUSPICIOUS_MOVE = YES;
				CLANG_WARN_UNREACHABLE_CODE = YES;
				CLANG_WARN__DUPLICATE_METHOD_MATCH = YES;
				"CODE_SIGN_IDENTITY[sdk=iphoneos*]" = "iPhone Developer";
				COPY_PHASE_STRIP = NO;
				DEBUG_INFORMATION_FORMAT = dwarf;
				ENABLE_STRICT_OBJC_MSGSEND = YES;
				ENABLE_TESTABILITY = YES;
				GCC_C_LANGUAGE_STANDARD = gnu99;
				GCC_DYNAMIC_NO_PIC = NO;
				GCC_NO_COMMON_BLOCKS = YES;
				GCC_OPTIMIZATION_LEVEL = 0;
				GCC_PREPROCESSOR_DEFINITIONS = (
					"DEBUG=1",
					"$(inherited)",
				);
				GCC_WARN_64_TO_32_BIT_CONVERSION = YES;
				GCC_WARN_ABOUT_RETURN_TYPE = YES_ERROR;
				GCC_WARN_UNDECLARED_SELECTOR = YES;
				GCC_WARN_UNINITIALIZED_AUTOS = YES_AGGRESSIVE;
				GCC_WARN_UNUSED_FUNCTION = YES;
				GCC_WARN_UNUSED_VARIABLE = YES;
				IPHONEOS_DEPLOYMENT_TARGET = 10.2;
				MTL_ENABLE_DEBUG_INFO = YES;
				ONLY_ACTIVE_ARCH = YES;
				SDKROOT = iphoneos;
				TARGETED_DEVICE_FAMILY = "1,2";
			};
			name = Debug;
		};
		CD1A72D11FC62EE3004B1095 /* Release */ = {
			isa = XCBuildConfiguration;
			buildSettings = {
				ALWAYS_SEARCH_USER_PATHS = NO;
				CLANG_ANALYZER_NONNULL = YES;
				CLANG_CXX_LANGUAGE_STANDARD = "gnu++0x";
				CLANG_CXX_LIBRARY = "libc++";
				CLANG_ENABLE_MODULES = YES;
				CLANG_ENABLE_OBJC_ARC = YES;
				CLANG_WARN_BOOL_CONVERSION = YES;
				CLANG_WARN_CONSTANT_CONVERSION = YES;
				CLANG_WARN_DIRECT_OBJC_ISA_USAGE = YES_ERROR;
				CLANG_WARN_DOCUMENTATION_COMMENTS = YES;
				CLANG_WARN_EMPTY_BODY = YES;
				CLANG_WARN_ENUM_CONVERSION = YES;
				CLANG_WARN_INFINITE_RECURSION = YES;
				CLANG_WARN_INT_CONVERSION = YES;
				CLANG_WARN_OBJC_ROOT_CLASS = YES_ERROR;
				CLANG_WARN_SUSPICIOUS_MOVE = YES;
				CLANG_WARN_UNREACHABLE_CODE = YES;
				CLANG_WARN__DUPLICATE_METHOD_MATCH = YES;
				"CODE_SIGN_IDENTITY[sdk=iphoneos*]" = "iPhone Developer";
				COPY_PHASE_STRIP = NO;
				DEBUG_INFORMATION_FORMAT = "dwarf-with-dsym";
				ENABLE_NS_ASSERTIONS = NO;
				ENABLE_STRICT_OBJC_MSGSEND = YES;
				GCC_C_LANGUAGE_STANDARD = gnu99;
				GCC_NO_COMMON_BLOCKS = YES;
				GCC_WARN_64_TO_32_BIT_CONVERSION = YES;
				GCC_WARN_ABOUT_RETURN_TYPE = YES_ERROR;
				GCC_WARN_UNDECLARED_SELECTOR = YES;
				GCC_WARN_UNINITIALIZED_AUTOS = YES_AGGRESSIVE;
				GCC_WARN_UNUSED_FUNCTION = YES;
				GCC_WARN_UNUSED_VARIABLE = YES;
				IPHONEOS_DEPLOYMENT_TARGET = 10.2;
				MTL_ENABLE_DEBUG_INFO = NO;
				SDKROOT = iphoneos;
				TARGETED_DEVICE_FAMILY = "1,2";
				VALIDATE_PRODUCT = YES;
			};
			name = Release;
		};
		CD1A72D31FC62EE3004B1095 /* Debug */ = {
			isa = XCBuildConfiguration;
			buildSettings = {
				ASSETCATALOG_COMPILER_APPICON_NAME = AppIcon;
				INFOPLIST_FILE = "final project/Info.plist";
				LD_RUNPATH_SEARCH_PATHS = "$(inherited) @executable_path/Frameworks";
				PRODUCT_BUNDLE_IDENTIFIER = "alshammari.final-project";
				PRODUCT_NAME = "$(TARGET_NAME)";
			};
			name = Debug;
		};
		CD1A72D41FC62EE3004B1095 /* Release */ = {
			isa = XCBuildConfiguration;
			buildSettings = {
				ASSETCATALOG_COMPILER_APPICON_NAME = AppIcon;
				INFOPLIST_FILE = "final project/Info.plist";
				LD_RUNPATH_SEARCH_PATHS = "$(inherited) @executable_path/Frameworks";
				PRODUCT_BUNDLE_IDENTIFIER = "alshammari.final-project";
				PRODUCT_NAME = "$(TARGET_NAME)";
			};
			name = Release;
		};
		CD1A72D61FC62EE3004B1095 /* Debug */ = {
			isa = XCBuildConfiguration;
			buildSettings = {
				BUNDLE_LOADER = "$(TEST_HOST)";
				INFOPLIST_FILE = "final projectTests/Info.plist";
				LD_RUNPATH_SEARCH_PATHS = "$(inherited) @executable_path/Frameworks @loader_path/Frameworks";
				PRODUCT_BUNDLE_IDENTIFIER = "alshammari.final-projectTests";
				PRODUCT_NAME = "$(TARGET_NAME)";
				TEST_HOST = "$(BUILT_PRODUCTS_DIR)/final project.app/final project";
			};
			name = Debug;
		};
		CD1A72D71FC62EE3004B1095 /* Release */ = {
			isa = XCBuildConfiguration;
			buildSettings = {
				BUNDLE_LOADER = "$(TEST_HOST)";
				INFOPLIST_FILE = "final projectTests/Info.plist";
				LD_RUNPATH_SEARCH_PATHS = "$(inherited) @executable_path/Frameworks @loader_path/Frameworks";
				PRODUCT_BUNDLE_IDENTIFIER = "alshammari.final-projectTests";
				PRODUCT_NAME = "$(TARGET_NAME)";
				TEST_HOST = "$(BUILT_PRODUCTS_DIR)/final project.app/final project";
			};
			name = Release;
		};
		CD1A72D91FC62EE3004B1095 /* Debug */ = {
			isa = XCBuildConfiguration;
			buildSettings = {
				INFOPLIST_FILE = "final projectUITests/Info.plist";
				LD_RUNPATH_SEARCH_PATHS = "$(inherited) @executable_path/Frameworks @loader_path/Frameworks";
				PRODUCT_BUNDLE_IDENTIFIER = "alshammari.final-projectUITests";
				PRODUCT_NAME = "$(TARGET_NAME)";
				TEST_TARGET_NAME = "final project";
			};
			name = Debug;
		};
		CD1A72DA1FC62EE3004B1095 /* Release */ = {
			isa = XCBuildConfiguration;
			buildSettings = {
				INFOPLIST_FILE = "final projectUITests/Info.plist";
				LD_RUNPATH_SEARCH_PATHS = "$(inherited) @executable_path/Frameworks @loader_path/Frameworks";
				PRODUCT_BUNDLE_IDENTIFIER = "alshammari.final-projectUITests";
				PRODUCT_NAME = "$(TARGET_NAME)";
				TEST_TARGET_NAME = "final project";
			};
			name = Release;
		};
/* End XCBuildConfiguration section */

/* Begin XCConfigurationList section */
		CD1A72A01FC62EE3004B1095 /* Build configuration list for PBXProject "final project" */ = {
			isa = XCConfigurationList;
			buildConfigurations = (
				CD1A72D01FC62EE3004B1095 /* Debug */,
				CD1A72D11FC62EE3004B1095 /* Release */,
			);
			defaultConfigurationIsVisible = 0;
			defaultConfigurationName = Release;
		};
		CD1A72D21FC62EE3004B1095 /* Build configuration list for PBXNativeTarget "final project" */ = {
			isa = XCConfigurationList;
			buildConfigurations = (
				CD1A72D31FC62EE3004B1095 /* Debug */,
				CD1A72D41FC62EE3004B1095 /* Release */,
			);
			defaultConfigurationIsVisible = 0;
			defaultConfigurationName = Release;
		};
		CD1A72D51FC62EE3004B1095 /* Build configuration list for PBXNativeTarget "final projectTests" */ = {
			isa = XCConfigurationList;
			buildConfigurations = (
				CD1A72D61FC62EE3004B1095 /* Debug */,
				CD1A72D71FC62EE3004B1095 /* Release */,
			);
			defaultConfigurationIsVisible = 0;
			defaultConfigurationName = Release;
		};
		CD1A72D81FC62EE3004B1095 /* Build configuration list for PBXNativeTarget "final projectUITests" */ = {
			isa = XCConfigurationList;
			buildConfigurations = (
				CD1A72D91FC62EE3004B1095 /* Debug */,
				CD1A72DA1FC62EE3004B1095 /* Release */,
			);
			defaultConfigurationIsVisible = 0;
			defaultConfigurationName = Release;
		};
/* End XCConfigurationList section */
	};
	rootObject = CD1A729D1FC62EE3004B1095 /* Project object */;
}
